
Microsoft Visual Studio Solution File, Format Version 11.00
# Visual Studio 2010
Project("{FAE04EC0-301F-11D3-BF4B-00C04F79EFBC}") = "Assembly-CSharp", "Assembly-CSharp.csproj", "{2361826A-9069-998D-A705-6372A645FE9F}"
EndProject
Project("{FAE04EC0-301F-11D3-BF4B-00C04F79EFBC}") = "Assembly-CSharp-Editor", "Assembly-CSharp-Editor.csproj", "{B31E94C8-5684-F5C0-4B34-81CC13698A40}"
EndProject
Global
	GlobalSection(SolutionConfigurationPlatforms) = preSolution
		Debug|Any CPU = Debug|Any CPU
		Release|Any CPU = Release|Any CPU
	EndGlobalSection
	GlobalSection(ProjectConfigurationPlatforms) = postSolution
		{2361826A-9069-998D-A705-6372A645FE9F}.Debug|Any CPU.ActiveCfg = Debug|Any CPU
		{2361826A-9069-998D-A705-6372A645FE9F}.Debug|Any CPU.Build.0 = Debug|Any CPU
		{2361826A-9069-998D-A705-6372A645FE9F}.Release|Any CPU.ActiveCfg = Release|Any CPU
		{2361826A-9069-998D-A705-6372A645FE9F}.Release|Any CPU.Build.0 = Release|Any CPU
		{B31E94C8-5684-F5C0-4B34-81CC13698A40}.Debug|Any CPU.ActiveCfg = Debug|Any CPU
		{B31E94C8-5684-F5C0-4B34-81CC13698A40}.Debug|Any CPU.Build.0 = Debug|Any CPU
		{B31E94C8-5684-F5C0-4B34-81CC13698A40}.Release|Any CPU.ActiveCfg = Release|Any CPU
		{B31E94C8-5684-F5C0-4B34-81CC13698A40}.Release|Any CPU.Build.0 = Release|Any CPU
	EndGlobalSection
	GlobalSection(SolutionProperties) = preSolution
		HideSolutionNode = FALSE
	EndGlobalSection
	GlobalSection(MonoDevelopProperties) = preSolution
		StartupItem = Assembly-CSharp.csproj
	EndGlobalSection
EndGlobal
